
Microsoft Visual Studio Solution File, Format Version 12.00
# Visual Studio Version 17
VisualStudioVersion = 17.0.32014.148
MinimumVisualStudioVersion = 10.0.40219.1
Project("{FAE04EC0-301F-11D3-BF4B-00C04F79EFBC}") = "ProiectDAWVacante", "ProiectDAWVacante\ProiectDAWVacante.csproj", "{D6EE229C-ABC0-4097-86F3-8B772896CDD5}"
EndProject
Global
	GlobalSection(SolutionConfigurationPlatforms) = preSolution
		Debug|Any CPU = Debug|Any CPU
		Release|Any CPU = Release|Any CPU
	EndGlobalSection
	GlobalSection(ProjectConfigurationPlatforms) = postSolution
		{D6EE229C-ABC0-4097-86F3-8B772896CDD5}.Debug|Any CPU.ActiveCfg = Debug|Any CPU
		{D6EE229C-ABC0-4097-86F3-8B772896CDD5}.Debug|Any CPU.Build.0 = Debug|Any CPU
		{D6EE229C-ABC0-4097-86F3-8B772896CDD5}.Release|Any CPU.ActiveCfg = Release|Any CPU
		{D6EE229C-ABC0-4097-86F3-8B772896CDD5}.Release|Any CPU.Build.0 = Release|Any CPU
	EndGlobalSection
	GlobalSection(SolutionProperties) = preSolution
		HideSolutionNode = FALSE
	EndGlobalSection
	GlobalSection(ExtensibilityGlobals) = postSolution
		SolutionGuid = {194EA18D-E976-4C1F-9379-B94D027C1B02}
	EndGlobalSection
EndGlobal
